
Microsoft Visual Studio Solution File, Format Version 12.00
# Visual Studio Version 17
VisualStudioVersion = 17.14.36511.14 d17.14
MinimumVisualStudioVersion = 10.0.40219.1
Project("{8BC9CEB8-8B4A-11D0-8D11-00A0C91BC942}") = "C_Test_2025_10_1", "C_Test_2025_10_1\C_Test_2025_10_1.vcxproj", "{4088D9D4-8508-4DF0-927C-A410A035F0EB}"
EndProject
Global
	GlobalSection(SolutionConfigurationPlatforms) = preSolution
		Debug|x64 = Debug|x64
		Debug|x86 = Debug|x86
		Release|x64 = Release|x64
		Release|x86 = Release|x86
	EndGlobalSection
	GlobalSection(ProjectConfigurationPlatforms) = postSolution
		{4088D9D4-8508-4DF0-927C-A410A035F0EB}.Debug|x64.ActiveCfg = Debug|x64
		{4088D9D4-8508-4DF0-927C-A410A035F0EB}.Debug|x64.Build.0 = Debug|x64
		{4088D9D4-8508-4DF0-927C-A410A035F0EB}.Debug|x86.ActiveCfg = Debug|Win32
		{4088D9D4-8508-4DF0-927C-A410A035F0EB}.Debug|x86.Build.0 = Debug|Win32
		{4088D9D4-8508-4DF0-927C-A410A035F0EB}.Release|x64.ActiveCfg = Release|x64
		{4088D9D4-8508-4DF0-927C-A410A035F0EB}.Release|x64.Build.0 = Release|x64
		{4088D9D4-8508-4DF0-927C-A410A035F0EB}.Release|x86.ActiveCfg = Release|Win32
		{4088D9D4-8508-4DF0-927C-A410A035F0EB}.Release|x86.Build.0 = Release|Win32
	EndGlobalSection
	GlobalSection(SolutionProperties) = preSolution
		HideSolutionNode = FALSE
	EndGlobalSection
	GlobalSection(ExtensibilityGlobals) = postSolution
		SolutionGuid = {69CD1C8A-D578-4B4B-8A37-4C801DB2AFFE}
	EndGlobalSection
EndGlobal
