
Microsoft Visual Studio Solution File, Format Version 12.00
# Visual Studio Version 17
VisualStudioVersion = 17.14.36414.22 d17.14
MinimumVisualStudioVersion = 10.0.40219.1
Project("{8BC9CEB8-8B4A-11D0-8D11-00A0C91BC942}") = "C_Test_2025_9_16", "C_Test_2025_9_16\C_Test_2025_9_16.vcxproj", "{8651F7FA-CBF5-4264-B111-76966ABCE018}"
EndProject
Global
	GlobalSection(SolutionConfigurationPlatforms) = preSolution
		Debug|x64 = Debug|x64
		Debug|x86 = Debug|x86
		Release|x64 = Release|x64
		Release|x86 = Release|x86
	EndGlobalSection
	GlobalSection(ProjectConfigurationPlatforms) = postSolution
		{8651F7FA-CBF5-4264-B111-76966ABCE018}.Debug|x64.ActiveCfg = Debug|x64
		{8651F7FA-CBF5-4264-B111-76966ABCE018}.Debug|x64.Build.0 = Debug|x64
		{8651F7FA-CBF5-4264-B111-76966ABCE018}.Debug|x86.ActiveCfg = Debug|Win32
		{8651F7FA-CBF5-4264-B111-76966ABCE018}.Debug|x86.Build.0 = Debug|Win32
		{8651F7FA-CBF5-4264-B111-76966ABCE018}.Release|x64.ActiveCfg = Release|x64
		{8651F7FA-CBF5-4264-B111-76966ABCE018}.Release|x64.Build.0 = Release|x64
		{8651F7FA-CBF5-4264-B111-76966ABCE018}.Release|x86.ActiveCfg = Release|Win32
		{8651F7FA-CBF5-4264-B111-76966ABCE018}.Release|x86.Build.0 = Release|Win32
	EndGlobalSection
	GlobalSection(SolutionProperties) = preSolution
		HideSolutionNode = FALSE
	EndGlobalSection
	GlobalSection(ExtensibilityGlobals) = postSolution
		SolutionGuid = {60C0E05A-1E03-426C-BCED-5B359A11C419}
	EndGlobalSection
EndGlobal
